{
    "hash": "8188249e08f334c8123ea392fd121d95",
    "packages": [
        {
            "package": "JoshuaEstes/stApache",
            "version": "dev-master",
            "source-reference": "fe1ee459eb3cdb2a6a2759bfc9b95a16bcef2de8"
        },
        {
            "package": "JoshuaEstes/stEtc",
            "version": "dev-master",
            "source-reference": "607a6d70d79019115a8bc58c5a507dccc8e9306a"
        },
        {
            "package": "symfony/console",
            "version": "dev-master",
            "source-reference": "f354e1e5d59261ae03c0fc768bfa4043c0e6ab9c"
        },
        {
            "package": "symfony/filesystem",
            "version": "dev-master",
            "source-reference": "f5a2dcc6621c9dba4390195697f941db294813fd"
        },
        {
            "package": "symfony/finder",
            "version": "dev-master",
            "source-reference": "5b8658e52eaf424fe943a5857e2404ce95c3b90e"
        },
        {
            "package": "symfony/process",
            "version": "dev-master",
            "source-reference": "9f49693318e1f7824a276da6c6556ff06cd3f25a"
        }
    ],
    "packages-dev": null,
    "aliases": []
}
