{
    "hash": "67791ad0720d830c70f456d02615a258",
    "packages": [
        {
            "package": "JoshuaEstes/stEtc",
            "version": "dev-master",
            "source-reference": "d475f91ea682612dcb25e3563ee9f34c24cf2a15"
        },
        {
            "package": "JoshuaEstes/stHelloWorld",
            "version": "dev-master",
            "source-reference": "b96ea8ac9e579254cf7faf49f79a76e51b00296c"
        },
        {
            "package": "symfony/console",
            "version": "dev-master",
            "source-reference": "8e3c42aa976f18a9bfcb0694553e5f99def3309c"
        },
        {
            "package": "symfony/filesystem",
            "version": "dev-master",
            "source-reference": "f475e8299ff7bffbbd858bef85d3c80036f13877"
        },
        {
            "package": "symfony/finder",
            "version": "dev-master",
            "source-reference": "57ec7198a70e6c40e450ba66cc2f8ecab98746c8"
        },
        {
            "package": "symfony/process",
            "version": "dev-master",
            "source-reference": "2e4da8c8076744bafed97451bb1574c96cda0e68"
        }
    ],
    "packages-dev": null,
    "aliases": []
}
