{
    "hash": "dca0605c5346c620e2da77b818d124de",
    "packages": [
        {
            "package": "JoshuaEstes/ServerTools",
            "version": "dev-master",
            "source-reference": "ae7a48b893475729fdb28f8c70d4b375da83b716"
        },
        {
            "package": "JoshuaEstes/stEtc",
            "version": "dev-master",
            "source-reference": "d475f91ea682612dcb25e3563ee9f34c24cf2a15"
        },
        {
            "package": "JoshuaEstes/stHelloWorld",
            "version": "dev-master",
            "source-reference": "b96ea8ac9e579254cf7faf49f79a76e51b00296c"
        },
        {
            "package": "JoshuaEstes/stPlesk",
            "version": "dev-master",
            "source-reference": "8a21d86c6533448573fa74ea71cd95d66f914a99"
        },
        {
            "package": "symfony/console",
            "version": "dev-master",
            "source-reference": "f354e1e5d59261ae03c0fc768bfa4043c0e6ab9c"
        },
        {
            "package": "symfony/filesystem",
            "version": "dev-master",
            "source-reference": "f5a2dcc6621c9dba4390195697f941db294813fd"
        },
        {
            "package": "symfony/finder",
            "version": "dev-master",
            "source-reference": "6a0f850cac8cac7a0b33f48d3d3d1514d7ed56f8"
        },
        {
            "package": "symfony/process",
            "version": "dev-master",
            "source-reference": "9f49693318e1f7824a276da6c6556ff06cd3f25a"
        }
    ],
    "packages-dev": null,
    "aliases": []
}
